
Microsoft Visual Studio Solution File, Format Version 12.00
# Visual Studio Version 17
VisualStudioVersion = 17.0.31903.59
MinimumVisualStudioVersion = 10.0.40219.1
Project("{FAE04EC0-301F-11D3-BF4B-00C04F79EFBC}") = "Задание 16. Работа с JSON", "Задание 16. Работа с JSON\Задание 16. Работа с JSON.csproj", "{96A420E0-F12C-48BB-8D36-65410F4C25DB}"
EndProject
Project("{FAE04EC0-301F-11D3-BF4B-00C04F79EFBC}") = "Задание 16. Работа с JSON часть 2", "Задание 16. Работа с JSON часть 2\Задание 16. Работа с JSON часть 2.csproj", "{C4943693-DB91-4C63-ACCC-D813FEF131C5}"
EndProject
Global
	GlobalSection(SolutionConfigurationPlatforms) = preSolution
		Debug|Any CPU = Debug|Any CPU
		Release|Any CPU = Release|Any CPU
	EndGlobalSection
	GlobalSection(ProjectConfigurationPlatforms) = postSolution
		{96A420E0-F12C-48BB-8D36-65410F4C25DB}.Debug|Any CPU.ActiveCfg = Debug|Any CPU
		{96A420E0-F12C-48BB-8D36-65410F4C25DB}.Debug|Any CPU.Build.0 = Debug|Any CPU
		{96A420E0-F12C-48BB-8D36-65410F4C25DB}.Release|Any CPU.ActiveCfg = Release|Any CPU
		{96A420E0-F12C-48BB-8D36-65410F4C25DB}.Release|Any CPU.Build.0 = Release|Any CPU
		{C4943693-DB91-4C63-ACCC-D813FEF131C5}.Debug|Any CPU.ActiveCfg = Debug|Any CPU
		{C4943693-DB91-4C63-ACCC-D813FEF131C5}.Debug|Any CPU.Build.0 = Debug|Any CPU
		{C4943693-DB91-4C63-ACCC-D813FEF131C5}.Release|Any CPU.ActiveCfg = Release|Any CPU
		{C4943693-DB91-4C63-ACCC-D813FEF131C5}.Release|Any CPU.Build.0 = Release|Any CPU
	EndGlobalSection
	GlobalSection(SolutionProperties) = preSolution
		HideSolutionNode = FALSE
	EndGlobalSection
	GlobalSection(ExtensibilityGlobals) = postSolution
		SolutionGuid = {62EDFE65-8619-46E1-8C58-C33BF4113F14}
	EndGlobalSection
EndGlobal
